// !$*UTF8*$!
{
	archiveVersion = 1;
	classes = {
	};
	objectVersion = 46;
	objects = {

/* Begin PBXBuildFile section */
		4E2962081C5BE88C00590CF1 /* main.m in Sources */ = {isa = PBXBuildFile; fileRef = 4E2962071C5BE88C00590CF1 /* main.m */; };
		4E29620B1C5BE88C00590CF1 /* FRAppDelegate.m in Sources */ = {isa = PBXBuildFile; fileRef = 4E29620A1C5BE88C00590CF1 /* FRAppDelegate.m */; };
		4E29620E1C5BE88C00590CF1 /* FRRootViewController.m in Sources */ = {isa = PBXBuildFile; fileRef = 4E29620D1C5BE88C00590CF1 /* FRRootViewController.m */; };
		4E2962111C5BE88C00590CF1 /* FRPageController.m in Sources */ = {isa = PBXBuildFile; fileRef = 4E2962101C5BE88C00590CF1 /* FRPageController.m */; };
		4E2962141C5BE88C00590CF1 /* FRModelController.m in Sources */ = {isa = PBXBuildFile; fileRef = 4E2962131C5BE88C00590CF1 /* FRModelController.m */; };
		4E2962171C5BE88D00590CF1 /* Main.storyboard in Resources */ = {isa = PBXBuildFile; fileRef = 4E2962151C5BE88D00590CF1 /* Main.storyboard */; };
		4E2962191C5BE88D00590CF1 /* Assets.xcassets in Resources */ = {isa = PBXBuildFile; fileRef = 4E2962181C5BE88D00590CF1 /* Assets.xcassets */; };
		4E29621C1C5BE88D00590CF1 /* LaunchScreen.storyboard in Resources */ = {isa = PBXBuildFile; fileRef = 4E29621A1C5BE88D00590CF1 /* LaunchScreen.storyboard */; };
		4E2962271C5BE88D00590CF1 /* FRNumbersTests.m in Sources */ = {isa = PBXBuildFile; fileRef = 4E2962261C5BE88D00590CF1 /* FRNumbersTests.m */; };
		4E2962321C5BE88D00590CF1 /* FRNumbersUITests.m in Sources */ = {isa = PBXBuildFile; fileRef = 4E2962311C5BE88D00590CF1 /* FRNumbersUITests.m */; };
		4E2FFAAB1C5C50E300B6D7A6 /* 1234_40x40.png in Resources */ = {isa = PBXBuildFile; fileRef = 4E2FFAAA1C5C50E300B6D7A6 /* 1234_40x40.png */; };
		4E2FFAAD1C5C511F00B6D7A6 /* 1234_60x60.png in Resources */ = {isa = PBXBuildFile; fileRef = 4E2FFAAC1C5C511F00B6D7A6 /* 1234_60x60.png */; };
		4E2FFAAF1C5C518900B6D7A6 /* 1234_58x58.png in Resources */ = {isa = PBXBuildFile; fileRef = 4E2FFAAE1C5C518900B6D7A6 /* 1234_58x58.png */; };
		4E2FFAB11C5C51A800B6D7A6 /* 1234_29x29.png in Resources */ = {isa = PBXBuildFile; fileRef = 4E2FFAB01C5C51A800B6D7A6 /* 1234_29x29.png */; };
		4E2FFAB31C5C51E700B6D7A6 /* 1234_87x87.png in Resources */ = {isa = PBXBuildFile; fileRef = 4E2FFAB21C5C51E700B6D7A6 /* 1234_87x87.png */; };
		4E2FFAB51C5C522F00B6D7A6 /* 1234_80x80.png in Resources */ = {isa = PBXBuildFile; fileRef = 4E2FFAB41C5C522F00B6D7A6 /* 1234_80x80.png */; };
		4E2FFAB71C5C526500B6D7A6 /* 1234_120x120.png in Resources */ = {isa = PBXBuildFile; fileRef = 4E2FFAB61C5C526500B6D7A6 /* 1234_120x120.png */; };
		4E2FFAB91C5C529300B6D7A6 /* 1234_180x180.png in Resources */ = {isa = PBXBuildFile; fileRef = 4E2FFAB81C5C529300B6D7A6 /* 1234_180x180.png */; };
		4E2FFABB1C5C52F700B6D7A6 /* 1234_76x76.png in Resources */ = {isa = PBXBuildFile; fileRef = 4E2FFABA1C5C52F700B6D7A6 /* 1234_76x76.png */; };
		4E2FFABD1C5C532600B6D7A6 /* 1234_152x152.png in Resources */ = {isa = PBXBuildFile; fileRef = 4E2FFABC1C5C532600B6D7A6 /* 1234_152x152.png */; };
		4E2FFABF1C5C535E00B6D7A6 /* 1234_167x167.png in Resources */ = {isa = PBXBuildFile; fileRef = 4E2FFABE1C5C535E00B6D7A6 /* 1234_167x167.png */; };
		4E3676331D5988BB0015B777 /* libFRUtils.a in Frameworks */ = {isa = PBXBuildFile; fileRef = 4E3676261D5984370015B777 /* libFRUtils.a */; };
		4E3676481D5A89600015B777 /* FRPage.m in Sources */ = {isa = PBXBuildFile; fileRef = 4E3676471D5A89600015B777 /* FRPage.m */; };
		4E3676551D5BBAB70015B777 /* FRAudioQueue.m in Sources */ = {isa = PBXBuildFile; fileRef = 4E3676541D5BBAB70015B777 /* FRAudioQueue.m */; };
		4E3676D61D623E510015B777 /* FRShareViewController.m in Sources */ = {isa = PBXBuildFile; fileRef = 4E3676D51D623E510015B777 /* FRShareViewController.m */; };
		4E3676D91D623E510015B777 /* MainInterface.storyboard in Resources */ = {isa = PBXBuildFile; fileRef = 4E3676D71D623E510015B777 /* MainInterface.storyboard */; };
		4E3676DE1D623E510015B777 /* FRAudio.appex in Embed App Extensions */ = {isa = PBXBuildFile; fileRef = 4E3676D21D623E510015B777 /* FRAudio.appex */; settings = {ATTRIBUTES = (RemoveHeadersOnCopy, ); }; };
		4E48A8CE1D6ADF7E0097BAE0 /* FRAppConstants.m in Sources */ = {isa = PBXBuildFile; fileRef = 4E48A8CD1D6ADF7E0097BAE0 /* FRAppConstants.m */; };
		4E48A8DA1D6B8EE30097BAE0 /* 01.m4a in Resources */ = {isa = PBXBuildFile; fileRef = 4E48A8D01D6B8EE30097BAE0 /* 01.m4a */; };
		4E48A8DB1D6B8EE30097BAE0 /* 02.m4a in Resources */ = {isa = PBXBuildFile; fileRef = 4E48A8D11D6B8EE30097BAE0 /* 02.m4a */; };
		4E48A8DC1D6B8EE30097BAE0 /* 03.m4a in Resources */ = {isa = PBXBuildFile; fileRef = 4E48A8D21D6B8EE30097BAE0 /* 03.m4a */; };
		4E48A8DD1D6B8EE30097BAE0 /* 04.m4a in Resources */ = {isa = PBXBuildFile; fileRef = 4E48A8D31D6B8EE30097BAE0 /* 04.m4a */; };
		4E48A8DE1D6B8EE30097BAE0 /* 05.m4a in Resources */ = {isa = PBXBuildFile; fileRef = 4E48A8D41D6B8EE30097BAE0 /* 05.m4a */; };
		4E48A8DF1D6B8EE30097BAE0 /* 06.m4a in Resources */ = {isa = PBXBuildFile; fileRef = 4E48A8D51D6B8EE30097BAE0 /* 06.m4a */; };
		4E48A8E01D6B8EE30097BAE0 /* 07.m4a in Resources */ = {isa = PBXBuildFile; fileRef = 4E48A8D61D6B8EE30097BAE0 /* 07.m4a */; };
		4E48A8E11D6B8EE30097BAE0 /* 08.m4a in Resources */ = {isa = PBXBuildFile; fileRef = 4E48A8D71D6B8EE30097BAE0 /* 08.m4a */; };
		4E48A8E21D6B8EE30097BAE0 /* 09.m4a in Resources */ = {isa = PBXBuildFile; fileRef = 4E48A8D81D6B8EE30097BAE0 /* 09.m4a */; };
		4E48A8E31D6B8EE30097BAE0 /* 10.m4a in Resources */ = {isa = PBXBuildFile; fileRef = 4E48A8D91D6B8EE30097BAE0 /* 10.m4a */; };
		4EC158BE1C5C887F004209EE /* Settings.bundle in Resources */ = {isa = PBXBuildFile; fileRef = 4EC158BD1C5C887F004209EE /* Settings.bundle */; };
/* End PBXBuildFile section */

/* Begin PBXContainerItemProxy section */
		4E2962231C5BE88D00590CF1 /* PBXContainerItemProxy */ = {
			isa = PBXContainerItemProxy;
			containerPortal = 4E2961FB1C5BE88C00590CF1 /* Project object */;
			proxyType = 1;
			remoteGlobalIDString = 4E2962021C5BE88C00590CF1;
			remoteInfo = Numbers;
		};
		4E29622E1C5BE88D00590CF1 /* PBXContainerItemProxy */ = {
			isa = PBXContainerItemProxy;
			containerPortal = 4E2961FB1C5BE88C00590CF1 /* Project object */;
			proxyType = 1;
			remoteGlobalIDString = 4E2962021C5BE88C00590CF1;
			remoteInfo = Numbers;
		};
		4E3676251D5984370015B777 /* PBXContainerItemProxy */ = {
			isa = PBXContainerItemProxy;
			containerPortal = 4E3676201D5984370015B777 /* FRUtils.xcodeproj */;
			proxyType = 2;
			remoteGlobalIDString = 4E1C85E31C5FFB2E00B66912;
			remoteInfo = FRUtils;
		};
		4E3676271D5984370015B777 /* PBXContainerItemProxy */ = {
			isa = PBXContainerItemProxy;
			containerPortal = 4E3676201D5984370015B777 /* FRUtils.xcodeproj */;
			proxyType = 2;
			remoteGlobalIDString = 4ED349701D3D655700861C00;
			remoteInfo = FRUtilTests;
		};
		4E36763A1D5A71F00015B777 /* PBXContainerItemProxy */ = {
			isa = PBXContainerItemProxy;
			containerPortal = 4E3676201D5984370015B777 /* FRUtils.xcodeproj */;
			proxyType = 1;
			remoteGlobalIDString = 4E1C85E21C5FFB2E00B66912;
			remoteInfo = FRUtils;
		};
		4E36763D1D5A73690015B777 /* PBXContainerItemProxy */ = {
			isa = PBXContainerItemProxy;
			containerPortal = 4E3676201D5984370015B777 /* FRUtils.xcodeproj */;
			proxyType = 1;
			remoteGlobalIDString = 4E1C85E21C5FFB2E00B66912;
			remoteInfo = FRUtils;
		};
		4E3676401D5A73730015B777 /* PBXContainerItemProxy */ = {
			isa = PBXContainerItemProxy;
			containerPortal = 4E3676201D5984370015B777 /* FRUtils.xcodeproj */;
			proxyType = 1;
			remoteGlobalIDString = 4E1C85E21C5FFB2E00B66912;
			remoteInfo = FRUtils;
		};
		4E3676DB1D623E510015B777 /* PBXContainerItemProxy */ = {
			isa = PBXContainerItemProxy;
			containerPortal = 4E2961FB1C5BE88C00590CF1 /* Project object */;
			proxyType = 1;
			remoteGlobalIDString = 4E3676D11D623E510015B777;
			remoteInfo = FRAudio;
		};
/* End PBXContainerItemProxy section */

/* Begin PBXCopyFilesBuildPhase section */
		4E3676DD1D623E510015B777 /* Embed App Extensions */ = {
			isa = PBXCopyFilesBuildPhase;
			buildActionMask = 2147483647;
			dstPath = "";
			dstSubfolderSpec = 13;
			files = (
				4E3676DE1D623E510015B777 /* FRAudio.appex in Embed App Extensions */,
			);
			name = "Embed App Extensions";
			runOnlyForDeploymentPostprocessing = 0;
		};
/* End PBXCopyFilesBuildPhase section */

/* Begin PBXFileReference section */
		4E2962071C5BE88C00590CF1 /* main.m */ = {isa = PBXFileReference; lastKnownFileType = sourcecode.c.objc; path = main.m; sourceTree = "<group>"; };
		4E2962091C5BE88C00590CF1 /* FRAppDelegate.h */ = {isa = PBXFileReference; lastKnownFileType = sourcecode.c.h; path = FRAppDelegate.h; sourceTree = "<group>"; };
		4E29620A1C5BE88C00590CF1 /* FRAppDelegate.m */ = {isa = PBXFileReference; lastKnownFileType = sourcecode.c.objc; path = FRAppDelegate.m; sourceTree = "<group>"; };
		4E29620C1C5BE88C00590CF1 /* FRRootViewController.h */ = {isa = PBXFileReference; lastKnownFileType = sourcecode.c.h; path = FRRootViewController.h; sourceTree = "<group>"; };
		4E29620D1C5BE88C00590CF1 /* FRRootViewController.m */ = {isa = PBXFileReference; lastKnownFileType = sourcecode.c.objc; path = FRRootViewController.m; sourceTree = "<group>"; };
		4E29620F1C5BE88C00590CF1 /* FRPageController.h */ = {isa = PBXFileReference; lastKnownFileType = sourcecode.c.h; path = FRPageController.h; sourceTree = "<group>"; };
		4E2962101C5BE88C00590CF1 /* FRPageController.m */ = {isa = PBXFileReference; lastKnownFileType = sourcecode.c.objc; path = FRPageController.m; sourceTree = "<group>"; };
		4E2962121C5BE88C00590CF1 /* FRModelController.h */ = {isa = PBXFileReference; lastKnownFileType = sourcecode.c.h; path = FRModelController.h; sourceTree = "<group>"; };
		4E2962131C5BE88C00590CF1 /* FRModelController.m */ = {isa = PBXFileReference; lastKnownFileType = sourcecode.c.objc; path = FRModelController.m; sourceTree = "<group>"; };
		4E2962161C5BE88D00590CF1 /* Base */ = {isa = PBXFileReference; lastKnownFileType = file.storyboard; name = Base; path = Base.lproj/Main.storyboard; sourceTree = "<group>"; };
		4E2962181C5BE88D00590CF1 /* Assets.xcassets */ = {isa = PBXFileReference; lastKnownFileType = folder.assetcatalog; path = Assets.xcassets; sourceTree = "<group>"; };
		4E29621B1C5BE88D00590CF1 /* Base */ = {isa = PBXFileReference; lastKnownFileType = file.storyboard; name = Base; path = Base.lproj/LaunchScreen.storyboard; sourceTree = "<group>"; };
		4E29621D1C5BE88D00590CF1 /* Info.plist */ = {isa = PBXFileReference; lastKnownFileType = text.plist.xml; path = Info.plist; sourceTree = "<group>"; };
		4E2962261C5BE88D00590CF1 /* FRNumbersTests.m */ = {isa = PBXFileReference; lastKnownFileType = sourcecode.c.objc; path = FRNumbersTests.m; sourceTree = "<group>"; };
		4E2962281C5BE88D00590CF1 /* Info.plist */ = {isa = PBXFileReference; lastKnownFileType = text.plist.xml; path = Info.plist; sourceTree = "<group>"; };
		4E2962311C5BE88D00590CF1 /* FRNumbersUITests.m */ = {isa = PBXFileReference; lastKnownFileType = sourcecode.c.objc; path = FRNumbersUITests.m; sourceTree = "<group>"; };
		4E2962331C5BE88D00590CF1 /* Info.plist */ = {isa = PBXFileReference; lastKnownFileType = text.plist.xml; path = Info.plist; sourceTree = "<group>"; };
		4E2FFAAA1C5C50E300B6D7A6 /* 1234_40x40.png */ = {isa = PBXFileReference; lastKnownFileType = image.png; path = 1234_40x40.png; sourceTree = "<group>"; };
		4E2FFAAC1C5C511F00B6D7A6 /* 1234_60x60.png */ = {isa = PBXFileReference; lastKnownFileType = image.png; path = 1234_60x60.png; sourceTree = "<group>"; };
		4E2FFAAE1C5C518900B6D7A6 /* 1234_58x58.png */ = {isa = PBXFileReference; lastKnownFileType = image.png; path = 1234_58x58.png; sourceTree = "<group>"; };
		4E2FFAB01C5C51A800B6D7A6 /* 1234_29x29.png */ = {isa = PBXFileReference; lastKnownFileType = image.png; path = 1234_29x29.png; sourceTree = "<group>"; };
		4E2FFAB21C5C51E700B6D7A6 /* 1234_87x87.png */ = {isa = PBXFileReference; lastKnownFileType = image.png; path = 1234_87x87.png; sourceTree = "<group>"; };
		4E2FFAB41C5C522F00B6D7A6 /* 1234_80x80.png */ = {isa = PBXFileReference; lastKnownFileType = image.png; path = 1234_80x80.png; sourceTree = "<group>"; };
		4E2FFAB61C5C526500B6D7A6 /* 1234_120x120.png */ = {isa = PBXFileReference; lastKnownFileType = image.png; path = 1234_120x120.png; sourceTree = "<group>"; };
		4E2FFAB81C5C529300B6D7A6 /* 1234_180x180.png */ = {isa = PBXFileReference; lastKnownFileType = image.png; path = 1234_180x180.png; sourceTree = "<group>"; };
		4E2FFABA1C5C52F700B6D7A6 /* 1234_76x76.png */ = {isa = PBXFileReference; lastKnownFileType = image.png; path = 1234_76x76.png; sourceTree = "<group>"; };
		4E2FFABC1C5C532600B6D7A6 /* 1234_152x152.png */ = {isa = PBXFileReference; lastKnownFileType = image.png; path = 1234_152x152.png; sourceTree = "<group>"; };
		4E2FFABE1C5C535E00B6D7A6 /* 1234_167x167.png */ = {isa = PBXFileReference; lastKnownFileType = image.png; path = 1234_167x167.png; sourceTree = "<group>"; };
		4E3676201D5984370015B777 /* FRUtils.xcodeproj */ = {isa = PBXFileReference; lastKnownFileType = "wrapper.pb-project"; name = FRUtils.xcodeproj; path = FRUtils/FRUtils.xcodeproj; sourceTree = "<group>"; };
		4E36762D1D5988130015B777 /* FRNumbers.app */ = {isa = PBXFileReference; explicitFileType = wrapper.application; includeInIndex = 0; path = FRNumbers.app; sourceTree = BUILT_PRODUCTS_DIR; };
		4E36762E1D5988130015B777 /* FRNumbersTests.xctest */ = {isa = PBXFileReference; explicitFileType = wrapper.cfbundle; includeInIndex = 0; path = FRNumbersTests.xctest; sourceTree = BUILT_PRODUCTS_DIR; };
		4E36762F1D5988130015B777 /* FRNumbersUITests.xctest */ = {isa = PBXFileReference; explicitFileType = wrapper.cfbundle; includeInIndex = 0; path = FRNumbersUITests.xctest; sourceTree = BUILT_PRODUCTS_DIR; };
		4E3676461D5A89600015B777 /* FRPage.h */ = {isa = PBXFileReference; fileEncoding = 4; lastKnownFileType = sourcecode.c.h; path = FRPage.h; sourceTree = "<group>"; };
		4E3676471D5A89600015B777 /* FRPage.m */ = {isa = PBXFileReference; fileEncoding = 4; lastKnownFileType = sourcecode.c.objc; path = FRPage.m; sourceTree = "<group>"; };
		4E36764C1D5BA6050015B777 /* FRAppConstants.h */ = {isa = PBXFileReference; fileEncoding = 4; lastKnownFileType = sourcecode.c.h; path = FRAppConstants.h; sourceTree = "<group>"; };
		4E3676531D5BBAB70015B777 /* FRAudioQueue.h */ = {isa = PBXFileReference; fileEncoding = 4; lastKnownFileType = sourcecode.c.h; path = FRAudioQueue.h; sourceTree = "<group>"; };
		4E3676541D5BBAB70015B777 /* FRAudioQueue.m */ = {isa = PBXFileReference; fileEncoding = 4; lastKnownFileType = sourcecode.c.objc; path = FRAudioQueue.m; sourceTree = "<group>"; };
		4E3676D21D623E510015B777 /* FRAudio.appex */ = {isa = PBXFileReference; explicitFileType = "wrapper.app-extension"; includeInIndex = 0; path = FRAudio.appex; sourceTree = BUILT_PRODUCTS_DIR; };
		4E3676D41D623E510015B777 /* FRShareViewController.h */ = {isa = PBXFileReference; lastKnownFileType = sourcecode.c.h; path = FRShareViewController.h; sourceTree = "<group>"; };
		4E3676D51D623E510015B777 /* FRShareViewController.m */ = {isa = PBXFileReference; lastKnownFileType = sourcecode.c.objc; path = FRShareViewController.m; sourceTree = "<group>"; };
		4E3676D81D623E510015B777 /* Base */ = {isa = PBXFileReference; lastKnownFileType = file.storyboard; name = Base; path = Base.lproj/MainInterface.storyboard; sourceTree = "<group>"; };
		4E3676DA1D623E510015B777 /* Info.plist */ = {isa = PBXFileReference; lastKnownFileType = text.plist.xml; path = Info.plist; sourceTree = "<group>"; };
		4E3676E21D64112D0015B777 /* FRAudio.entitlements */ = {isa = PBXFileReference; lastKnownFileType = text.xml; path = FRAudio.entitlements; sourceTree = "<group>"; };
		4E48A8CC1D6500FB0097BAE0 /* FRNumbers.entitlements */ = {isa = PBXFileReference; lastKnownFileType = text.xml; path = FRNumbers.entitlements; sourceTree = "<group>"; };
		4E48A8CD1D6ADF7E0097BAE0 /* FRAppConstants.m */ = {isa = PBXFileReference; fileEncoding = 4; lastKnownFileType = sourcecode.c.objc; path = FRAppConstants.m; sourceTree = "<group>"; };
		4E48A8D01D6B8EE30097BAE0 /* 01.m4a */ = {isa = PBXFileReference; lastKnownFileType = file; path = 01.m4a; sourceTree = "<group>"; };
		4E48A8D11D6B8EE30097BAE0 /* 02.m4a */ = {isa = PBXFileReference; lastKnownFileType = file; path = 02.m4a; sourceTree = "<group>"; };
		4E48A8D21D6B8EE30097BAE0 /* 03.m4a */ = {isa = PBXFileReference; lastKnownFileType = file; path = 03.m4a; sourceTree = "<group>"; };
		4E48A8D31D6B8EE30097BAE0 /* 04.m4a */ = {isa = PBXFileReference; lastKnownFileType = file; path = 04.m4a; sourceTree = "<group>"; };
		4E48A8D41D6B8EE30097BAE0 /* 05.m4a */ = {isa = PBXFileReference; lastKnownFileType = file; path = 05.m4a; sourceTree = "<group>"; };
		4E48A8D51D6B8EE30097BAE0 /* 06.m4a */ = {isa = PBXFileReference; lastKnownFileType = file; path = 06.m4a; sourceTree = "<group>"; };
		4E48A8D61D6B8EE30097BAE0 /* 07.m4a */ = {isa = PBXFileReference; lastKnownFileType = file; path = 07.m4a; sourceTree = "<group>"; };
		4E48A8D71D6B8EE30097BAE0 /* 08.m4a */ = {isa = PBXFileReference; lastKnownFileType = file; path = 08.m4a; sourceTree = "<group>"; };
		4E48A8D81D6B8EE30097BAE0 /* 09.m4a */ = {isa = PBXFileReference; lastKnownFileType = file; path = 09.m4a; sourceTree = "<group>"; };
		4E48A8D91D6B8EE30097BAE0 /* 10.m4a */ = {isa = PBXFileReference; lastKnownFileType = file; path = 10.m4a; sourceTree = "<group>"; };
		4EC158BD1C5C887F004209EE /* Settings.bundle */ = {isa = PBXFileReference; lastKnownFileType = "wrapper.plug-in"; path = Settings.bundle; sourceTree = "<group>"; };
/* End PBXFileReference section */

/* Begin PBXFrameworksBuildPhase section */
		4E2962001C5BE88C00590CF1 /* Frameworks */ = {
			isa = PBXFrameworksBuildPhase;
			buildActionMask = 2147483647;
			files = (
				4E3676331D5988BB0015B777 /* libFRUtils.a in Frameworks */,
			);
			runOnlyForDeploymentPostprocessing = 0;
		};
		4E29621F1C5BE88D00590CF1 /* Frameworks */ = {
			isa = PBXFrameworksBuildPhase;
			buildActionMask = 2147483647;
			files = (
			);
			runOnlyForDeploymentPostprocessing = 0;
		};
		4E29622A1C5BE88D00590CF1 /* Frameworks */ = {
			isa = PBXFrameworksBuildPhase;
			buildActionMask = 2147483647;
			files = (
			);
			runOnlyForDeploymentPostprocessing = 0;
		};
		4E3676CF1D623E510015B777 /* Frameworks */ = {
			isa = PBXFrameworksBuildPhase;
			buildActionMask = 2147483647;
			files = (
			);
			runOnlyForDeploymentPostprocessing = 0;
		};
/* End PBXFrameworksBuildPhase section */

/* Begin PBXGroup section */
		4E2961FA1C5BE88C00590CF1 = {
			isa = PBXGroup;
			children = (
				4E3676201D5984370015B777 /* FRUtils.xcodeproj */,
				4E2962051C5BE88C00590CF1 /* FRNumbers */,
				4E2962251C5BE88D00590CF1 /* FRNumbersTests */,
				4E2962301C5BE88D00590CF1 /* FRNumbersUITests */,
				4E3676D31D623E510015B777 /* FRAudio */,
				4E3676321D5988260015B777 /* Products */,
				4E3676D21D623E510015B777 /* FRAudio.appex */,
			);
			sourceTree = "<group>";
		};
		4E2962051C5BE88C00590CF1 /* FRNumbers */ = {
			isa = PBXGroup;
			children = (
				4E48A8CC1D6500FB0097BAE0 /* FRNumbers.entitlements */,
				4E2962181C5BE88D00590CF1 /* Assets.xcassets */,
				4E36764C1D5BA6050015B777 /* FRAppConstants.h */,
				4E2962091C5BE88C00590CF1 /* FRAppDelegate.h */,
				4E3676531D5BBAB70015B777 /* FRAudioQueue.h */,
				4E2962121C5BE88C00590CF1 /* FRModelController.h */,
				4E3676461D5A89600015B777 /* FRPage.h */,
				4E29620F1C5BE88C00590CF1 /* FRPageController.h */,
				4E29620C1C5BE88C00590CF1 /* FRRootViewController.h */,
				4EC158C01C5CA50D004209EE /* Icons */,
				4E36764F1D5BA9420015B777 /* Implementation */,
				4E29621D1C5BE88D00590CF1 /* Info.plist */,
				4E29621A1C5BE88D00590CF1 /* LaunchScreen.storyboard */,
				4E2962151C5BE88D00590CF1 /* Main.storyboard */,
				4EC158BD1C5C887F004209EE /* Settings.bundle */,
				4EC158BF1C5CA4FD004209EE /* Sounds */,
				4E2962061C5BE88C00590CF1 /* Supporting Files */,
			);
			path = FRNumbers;
			sourceTree = "<group>";
		};
		4E2962061C5BE88C00590CF1 /* Supporting Files */ = {
			isa = PBXGroup;
			children = (
				4E2962071C5BE88C00590CF1 /* main.m */,
			);
			name = "Supporting Files";
			sourceTree = "<group>";
		};
		4E2962251C5BE88D00590CF1 /* FRNumbersTests */ = {
			isa = PBXGroup;
			children = (
				4E2962261C5BE88D00590CF1 /* FRNumbersTests.m */,
				4E2962281C5BE88D00590CF1 /* Info.plist */,
			);
			path = FRNumbersTests;
			sourceTree = "<group>";
		};
		4E2962301C5BE88D00590CF1 /* FRNumbersUITests */ = {
			isa = PBXGroup;
			children = (
				4E2962311C5BE88D00590CF1 /* FRNumbersUITests.m */,
				4E2962331C5BE88D00590CF1 /* Info.plist */,
			);
			path = FRNumbersUITests;
			sourceTree = "<group>";
		};
		4E3676211D5984370015B777 /* Products */ = {
			isa = PBXGroup;
			children = (
				4E3676261D5984370015B777 /* libFRUtils.a */,
				4E3676281D5984370015B777 /* FRUtilTests.xctest */,
			);
			name = Products;
			sourceTree = "<group>";
		};
		4E3676321D5988260015B777 /* Products */ = {
			isa = PBXGroup;
			children = (
				4E36762D1D5988130015B777 /* FRNumbers.app */,
				4E36762E1D5988130015B777 /* FRNumbersTests.xctest */,
				4E36762F1D5988130015B777 /* FRNumbersUITests.xctest */,
			);
			name = Products;
			sourceTree = "<group>";
		};
		4E36764F1D5BA9420015B777 /* Implementation */ = {
			isa = PBXGroup;
			children = (
				4E48A8CD1D6ADF7E0097BAE0 /* FRAppConstants.m */,
				4E29620A1C5BE88C00590CF1 /* FRAppDelegate.m */,
				4E3676541D5BBAB70015B777 /* FRAudioQueue.m */,
				4E2962131C5BE88C00590CF1 /* FRModelController.m */,
				4E3676471D5A89600015B777 /* FRPage.m */,
				4E2962101C5BE88C00590CF1 /* FRPageController.m */,
				4E29620D1C5BE88C00590CF1 /* FRRootViewController.m */,
			);
			name = Implementation;
			sourceTree = "<group>";
		};
		4E3676D31D623E510015B777 /* FRAudio */ = {
			isa = PBXGroup;
			children = (
				4E3676E21D64112D0015B777 /* FRAudio.entitlements */,
				4E3676D41D623E510015B777 /* FRShareViewController.h */,
				4E3676D51D623E510015B777 /* FRShareViewController.m */,
				4E3676D71D623E510015B777 /* MainInterface.storyboard */,
				4E3676DA1D623E510015B777 /* Info.plist */,
			);
			path = FRAudio;
			sourceTree = "<group>";
		};
		4EC158BF1C5CA4FD004209EE /* Sounds */ = {
			isa = PBXGroup;
			children = (
				4E48A8D01D6B8EE30097BAE0 /* 01.m4a */,
				4E48A8D11D6B8EE30097BAE0 /* 02.m4a */,
				4E48A8D21D6B8EE30097BAE0 /* 03.m4a */,
				4E48A8D31D6B8EE30097BAE0 /* 04.m4a */,
				4E48A8D41D6B8EE30097BAE0 /* 05.m4a */,
				4E48A8D51D6B8EE30097BAE0 /* 06.m4a */,
				4E48A8D61D6B8EE30097BAE0 /* 07.m4a */,
				4E48A8D71D6B8EE30097BAE0 /* 08.m4a */,
				4E48A8D81D6B8EE30097BAE0 /* 09.m4a */,
				4E48A8D91D6B8EE30097BAE0 /* 10.m4a */,
			);
			name = Sounds;
			sourceTree = "<group>";
		};
		4EC158C01C5CA50D004209EE /* Icons */ = {
			isa = PBXGroup;
			children = (
				4E2FFABE1C5C535E00B6D7A6 /* 1234_167x167.png */,
				4E2FFABC1C5C532600B6D7A6 /* 1234_152x152.png */,
				4E2FFABA1C5C52F700B6D7A6 /* 1234_76x76.png */,
				4E2FFAB81C5C529300B6D7A6 /* 1234_180x180.png */,
				4E2FFAB61C5C526500B6D7A6 /* 1234_120x120.png */,
				4E2FFAB41C5C522F00B6D7A6 /* 1234_80x80.png */,
				4E2FFAB21C5C51E700B6D7A6 /* 1234_87x87.png */,
				4E2FFAB01C5C51A800B6D7A6 /* 1234_29x29.png */,
				4E2FFAAE1C5C518900B6D7A6 /* 1234_58x58.png */,
				4E2FFAAC1C5C511F00B6D7A6 /* 1234_60x60.png */,
				4E2FFAAA1C5C50E300B6D7A6 /* 1234_40x40.png */,
			);
			name = Icons;
			sourceTree = "<group>";
		};
/* End PBXGroup section */

/* Begin PBXNativeTarget section */
		4E2962021C5BE88C00590CF1 /* FRNumbers */ = {
			isa = PBXNativeTarget;
			buildConfigurationList = 4E2962361C5BE88D00590CF1 /* Build configuration list for PBXNativeTarget "FRNumbers" */;
			buildPhases = (
				4E2961FF1C5BE88C00590CF1 /* Sources */,
				4E2962001C5BE88C00590CF1 /* Frameworks */,
				4E2962011C5BE88C00590CF1 /* Resources */,
				4E3676DD1D623E510015B777 /* Embed App Extensions */,
			);
			buildRules = (
			);
			dependencies = (
				4E36763E1D5A73690015B777 /* PBXTargetDependency */,
				4E3676DC1D623E510015B777 /* PBXTargetDependency */,
			);
			name = FRNumbers;
			productName = Numbers;
			productReference = 4E36762D1D5988130015B777 /* FRNumbers.app */;
			productType = "com.apple.product-type.application";
		};
		4E2962211C5BE88D00590CF1 /* FRNumbersTests */ = {
			isa = PBXNativeTarget;
			buildConfigurationList = 4E2962391C5BE88D00590CF1 /* Build configuration list for PBXNativeTarget "FRNumbersTests" */;
			buildPhases = (
				4E29621E1C5BE88D00590CF1 /* Sources */,
				4E29621F1C5BE88D00590CF1 /* Frameworks */,
				4E2962201C5BE88D00590CF1 /* Resources */,
			);
			buildRules = (
			);
			dependencies = (
				4E36763B1D5A71F00015B777 /* PBXTargetDependency */,
				4E2962241C5BE88D00590CF1 /* PBXTargetDependency */,
			);
			name = FRNumbersTests;
			productName = NumbersTests;
			productReference = 4E36762E1D5988130015B777 /* FRNumbersTests.xctest */;
			productType = "com.apple.product-type.bundle.unit-test";
		};
		4E29622C1C5BE88D00590CF1 /* FRNumbersUITests */ = {
			isa = PBXNativeTarget;
			buildConfigurationList = 4E29623C1C5BE88D00590CF1 /* Build configuration list for PBXNativeTarget "FRNumbersUITests" */;
			buildPhases = (
				4E2962291C5BE88D00590CF1 /* Sources */,
				4E29622A1C5BE88D00590CF1 /* Frameworks */,
				4E29622B1C5BE88D00590CF1 /* Resources */,
			);
			buildRules = (
			);
			dependencies = (
				4E3676411D5A73730015B777 /* PBXTargetDependency */,
				4E29622F1C5BE88D00590CF1 /* PBXTargetDependency */,
			);
			name = FRNumbersUITests;
			productName = NumbersUITests;
			productReference = 4E36762F1D5988130015B777 /* FRNumbersUITests.xctest */;
			productType = "com.apple.product-type.bundle.ui-testing";
		};
		4E3676D11D623E510015B777 /* FRAudio */ = {
			isa = PBXNativeTarget;
			buildConfigurationList = 4E3676DF1D623E520015B777 /* Build configuration list for PBXNativeTarget "FRAudio" */;
			buildPhases = (
				4E3676CE1D623E510015B777 /* Sources */,
				4E3676CF1D623E510015B777 /* Frameworks */,
				4E3676D01D623E510015B777 /* Resources */,
			);
			buildRules = (
			);
			dependencies = (
			);
			name = FRAudio;
			productName = FRAudio;
			productReference = 4E3676D21D623E510015B777 /* FRAudio.appex */;
			productType = "com.apple.product-type.app-extension";
		};
/* End PBXNativeTarget section */

/* Begin PBXProject section */
		4E2961FB1C5BE88C00590CF1 /* Project object */ = {
			isa = PBXProject;
			attributes = {
				LastUpgradeCheck = 0720;
				ORGANIZATIONNAME = Florin;
				TargetAttributes = {
					4E2962021C5BE88C00590CF1 = {
						CreatedOnToolsVersion = 7.2;
						DevelopmentTeam = XEJD59C4TN;
						SystemCapabilities = {
							com.apple.ApplicationGroups.iOS = {
								enabled = 1;
							};
						};
					};
					4E2962211C5BE88D00590CF1 = {
						CreatedOnToolsVersion = 7.2;
						TestTargetID = 4E2962021C5BE88C00590CF1;
					};
					4E29622C1C5BE88D00590CF1 = {
						CreatedOnToolsVersion = 7.2;
						TestTargetID = 4E2962021C5BE88C00590CF1;
					};
					4E3676D11D623E510015B777 = {
						CreatedOnToolsVersion = 7.3.1;
						DevelopmentTeam = XEJD59C4TN;
						SystemCapabilities = {
							com.apple.ApplicationGroups.iOS = {
								enabled = 1;
							};
						};
					};
				};
			};
			buildConfigurationList = 4E2961FE1C5BE88C00590CF1 /* Build configuration list for PBXProject "FRNumbers" */;
			compatibilityVersion = "Xcode 3.2";
			developmentRegion = English;
			hasScannedForEncodings = 0;
			knownRegions = (
				en,
				Base,
			);
			mainGroup = 4E2961FA1C5BE88C00590CF1;
			productRefGroup = 4E2961FA1C5BE88C00590CF1;
			projectDirPath = "";
			projectReferences = (
				{
					ProductGroup = 4E3676211D5984370015B777 /* Products */;
					ProjectRef = 4E3676201D5984370015B777 /* FRUtils.xcodeproj */;
				},
			);
			projectRoot = "";
			targets = (
				4E2962021C5BE88C00590CF1 /* FRNumbers */,
				4E2962211C5BE88D00590CF1 /* FRNumbersTests */,
				4E29622C1C5BE88D00590CF1 /* FRNumbersUITests */,
				4E3676D11D623E510015B777 /* FRAudio */,
			);
		};
/* End PBXProject section */

/* Begin PBXReferenceProxy section */
		4E3676261D5984370015B777 /* libFRUtils.a */ = {
			isa = PBXReferenceProxy;
			fileType = archive.ar;
			path = libFRUtils.a;
			remoteRef = 4E3676251D5984370015B777 /* PBXContainerItemProxy */;
			sourceTree = BUILT_PRODUCTS_DIR;
		};
		4E3676281D5984370015B777 /* FRUtilTests.xctest */ = {
			isa = PBXReferenceProxy;
			fileType = wrapper.cfbundle;
			path = FRUtilTests.xctest;
			remoteRef = 4E3676271D5984370015B777 /* PBXContainerItemProxy */;
			sourceTree = BUILT_PRODUCTS_DIR;
		};
/* End PBXReferenceProxy section */

/* Begin PBXResourcesBuildPhase section */
		4E2962011C5BE88C00590CF1 /* Resources */ = {
			isa = PBXResourcesBuildPhase;
			buildActionMask = 2147483647;
			files = (
				4E29621C1C5BE88D00590CF1 /* LaunchScreen.storyboard in Resources */,
				4E2FFAAB1C5C50E300B6D7A6 /* 1234_40x40.png in Resources */,
				4E2FFAB51C5C522F00B6D7A6 /* 1234_80x80.png in Resources */,
				4E2FFABB1C5C52F700B6D7A6 /* 1234_76x76.png in Resources */,
				4E2FFABF1C5C535E00B6D7A6 /* 1234_167x167.png in Resources */,
				4E2962191C5BE88D00590CF1 /* Assets.xcassets in Resources */,
				4E2FFABD1C5C532600B6D7A6 /* 1234_152x152.png in Resources */,
				4E48A8E11D6B8EE30097BAE0 /* 08.m4a in Resources */,
				4E48A8DA1D6B8EE30097BAE0 /* 01.m4a in Resources */,
				4E48A8E31D6B8EE30097BAE0 /* 10.m4a in Resources */,
				4E48A8DF1D6B8EE30097BAE0 /* 06.m4a in Resources */,
				4E2FFAB11C5C51A800B6D7A6 /* 1234_29x29.png in Resources */,
				4E48A8E21D6B8EE30097BAE0 /* 09.m4a in Resources */,
				4E2FFAB31C5C51E700B6D7A6 /* 1234_87x87.png in Resources */,
				4E2FFAB91C5C529300B6D7A6 /* 1234_180x180.png in Resources */,
				4E2FFAB71C5C526500B6D7A6 /* 1234_120x120.png in Resources */,
				4EC158BE1C5C887F004209EE /* Settings.bundle in Resources */,
				4E48A8DC1D6B8EE30097BAE0 /* 03.m4a in Resources */,
				4E2962171C5BE88D00590CF1 /* Main.storyboard in Resources */,
				4E48A8DB1D6B8EE30097BAE0 /* 02.m4a in Resources */,
				4E2FFAAF1C5C518900B6D7A6 /* 1234_58x58.png in Resources */,
				4E48A8DE1D6B8EE30097BAE0 /* 05.m4a in Resources */,
				4E48A8DD1D6B8EE30097BAE0 /* 04.m4a in Resources */,
				4E48A8E01D6B8EE30097BAE0 /* 07.m4a in Resources */,
				4E2FFAAD1C5C511F00B6D7A6 /* 1234_60x60.png in Resources */,
			);
			runOnlyForDeploymentPostprocessing = 0;
		};
		4E2962201C5BE88D00590CF1 /* Resources */ = {
			isa = PBXResourcesBuildPhase;
			buildActionMask = 2147483647;
			files = (
			);
			runOnlyForDeploymentPostprocessing = 0;
		};
		4E29622B1C5BE88D00590CF1 /* Resources */ = {
			isa = PBXResourcesBuildPhase;
			buildActionMask = 2147483647;
			files = (
			);
			runOnlyForDeploymentPostprocessing = 0;
		};
		4E3676D01D623E510015B777 /* Resources */ = {
			isa = PBXResourcesBuildPhase;
			buildActionMask = 2147483647;
			files = (
				4E3676D91D623E510015B777 /* MainInterface.storyboard in Resources */,
			);
			runOnlyForDeploymentPostprocessing = 0;
		};
/* End PBXResourcesBuildPhase section */

/* Begin PBXSourcesBuildPhase section */
		4E2961FF1C5BE88C00590CF1 /* Sources */ = {
			isa = PBXSourcesBuildPhase;
			buildActionMask = 2147483647;
			files = (
				4E3676481D5A89600015B777 /* FRPage.m in Sources */,
				4E48A8CE1D6ADF7E0097BAE0 /* FRAppConstants.m in Sources */,
				4E2962111C5BE88C00590CF1 /* FRPageController.m in Sources */,
				4E3676551D5BBAB70015B777 /* FRAudioQueue.m in Sources */,
				4E29620B1C5BE88C00590CF1 /* FRAppDelegate.m in Sources */,
				4E2962141C5BE88C00590CF1 /* FRModelController.m in Sources */,
				4E2962081C5BE88C00590CF1 /* main.m in Sources */,
				4E29620E1C5BE88C00590CF1 /* FRRootViewController.m in Sources */,
			);
			runOnlyForDeploymentPostprocessing = 0;
		};
		4E29621E1C5BE88D00590CF1 /* Sources */ = {
			isa = PBXSourcesBuildPhase;
			buildActionMask = 2147483647;
			files = (
				4E2962271C5BE88D00590CF1 /* FRNumbersTests.m in Sources */,
			);
			runOnlyForDeploymentPostprocessing = 0;
		};
		4E2962291C5BE88D00590CF1 /* Sources */ = {
			isa = PBXSourcesBuildPhase;
			buildActionMask = 2147483647;
			files = (
				4E2962321C5BE88D00590CF1 /* FRNumbersUITests.m in Sources */,
			);
			runOnlyForDeploymentPostprocessing = 0;
		};
		4E3676CE1D623E510015B777 /* Sources */ = {
			isa = PBXSourcesBuildPhase;
			buildActionMask = 2147483647;
			files = (
				4E3676D61D623E510015B777 /* FRShareViewController.m in Sources */,
			);
			runOnlyForDeploymentPostprocessing = 0;
		};
/* End PBXSourcesBuildPhase section */

/* Begin PBXTargetDependency section */
		4E2962241C5BE88D00590CF1 /* PBXTargetDependency */ = {
			isa = PBXTargetDependency;
			target = 4E2962021C5BE88C00590CF1 /* FRNumbers */;
			targetProxy = 4E2962231C5BE88D00590CF1 /* PBXContainerItemProxy */;
		};
		4E29622F1C5BE88D00590CF1 /* PBXTargetDependency */ = {
			isa = PBXTargetDependency;
			target = 4E2962021C5BE88C00590CF1 /* FRNumbers */;
			targetProxy = 4E29622E1C5BE88D00590CF1 /* PBXContainerItemProxy */;
		};
		4E36763B1D5A71F00015B777 /* PBXTargetDependency */ = {
			isa = PBXTargetDependency;
			name = FRUtils;
			targetProxy = 4E36763A1D5A71F00015B777 /* PBXContainerItemProxy */;
		};
		4E36763E1D5A73690015B777 /* PBXTargetDependency */ = {
			isa = PBXTargetDependency;
			name = FRUtils;
			targetProxy = 4E36763D1D5A73690015B777 /* PBXContainerItemProxy */;
		};
		4E3676411D5A73730015B777 /* PBXTargetDependency */ = {
			isa = PBXTargetDependency;
			name = FRUtils;
			targetProxy = 4E3676401D5A73730015B777 /* PBXContainerItemProxy */;
		};
		4E3676DC1D623E510015B777 /* PBXTargetDependency */ = {
			isa = PBXTargetDependency;
			target = 4E3676D11D623E510015B777 /* FRAudio */;
			targetProxy = 4E3676DB1D623E510015B777 /* PBXContainerItemProxy */;
		};
/* End PBXTargetDependency section */

/* Begin PBXVariantGroup section */
		4E2962151C5BE88D00590CF1 /* Main.storyboard */ = {
			isa = PBXVariantGroup;
			children = (
				4E2962161C5BE88D00590CF1 /* Base */,
			);
			name = Main.storyboard;
			sourceTree = "<group>";
		};
		4E29621A1C5BE88D00590CF1 /* LaunchScreen.storyboard */ = {
			isa = PBXVariantGroup;
			children = (
				4E29621B1C5BE88D00590CF1 /* Base */,
			);
			name = LaunchScreen.storyboard;
			sourceTree = "<group>";
		};
		4E3676D71D623E510015B777 /* MainInterface.storyboard */ = {
			isa = PBXVariantGroup;
			children = (
				4E3676D81D623E510015B777 /* Base */,
			);
			name = MainInterface.storyboard;
			sourceTree = "<group>";
		};
/* End PBXVariantGroup section */

/* Begin XCBuildConfiguration section */
		4E2962341C5BE88D00590CF1 /* Debug */ = {
			isa = XCBuildConfiguration;
			buildSettings = {
				ALWAYS_SEARCH_USER_PATHS = NO;
				CLANG_CXX_LANGUAGE_STANDARD = "gnu++0x";
				CLANG_CXX_LIBRARY = "libc++";
				CLANG_ENABLE_MODULES = YES;
				CLANG_ENABLE_OBJC_ARC = YES;
				CLANG_WARN_BOOL_CONVERSION = YES;
				CLANG_WARN_CONSTANT_CONVERSION = YES;
				CLANG_WARN_DIRECT_OBJC_ISA_USAGE = YES_ERROR;
				CLANG_WARN_EMPTY_BODY = YES;
				CLANG_WARN_ENUM_CONVERSION = YES;
				CLANG_WARN_INT_CONVERSION = YES;
				CLANG_WARN_OBJC_ROOT_CLASS = YES_ERROR;
				CLANG_WARN_UNREACHABLE_CODE = YES;
				CLANG_WARN__DUPLICATE_METHOD_MATCH = YES;
				"CODE_SIGN_IDENTITY[sdk=iphoneos*]" = "iPhone Developer";
				COPY_PHASE_STRIP = NO;
				DEBUG_INFORMATION_FORMAT = dwarf;
				ENABLE_STRICT_OBJC_MSGSEND = YES;
				ENABLE_TESTABILITY = YES;
				GCC_C_LANGUAGE_STANDARD = gnu99;
				GCC_DYNAMIC_NO_PIC = NO;
				GCC_NO_COMMON_BLOCKS = YES;
				GCC_OPTIMIZATION_LEVEL = 0;
				GCC_PREPROCESSOR_DEFINITIONS = (
					"DEBUG=1",
					"$(inherited)",
				);
				GCC_WARN_64_TO_32_BIT_CONVERSION = YES;
				GCC_WARN_ABOUT_RETURN_TYPE = YES_ERROR;
				GCC_WARN_UNDECLARED_SELECTOR = YES;
				GCC_WARN_UNINITIALIZED_AUTOS = YES_AGGRESSIVE;
				GCC_WARN_UNUSED_FUNCTION = YES;
				GCC_WARN_UNUSED_VARIABLE = YES;
				IPHONEOS_DEPLOYMENT_TARGET = 9.2;
				MTL_ENABLE_DEBUG_INFO = YES;
				ONLY_ACTIVE_ARCH = YES;
				SDKROOT = iphoneos;
				TARGETED_DEVICE_FAMILY = "1,2";
			};
			name = Debug;
		};
		4E2962351C5BE88D00590CF1 /* Release */ = {
			isa = XCBuildConfiguration;
			buildSettings = {
				ALWAYS_SEARCH_USER_PATHS = NO;
				CLANG_CXX_LANGUAGE_STANDARD = "gnu++0x";
				CLANG_CXX_LIBRARY = "libc++";
				CLANG_ENABLE_MODULES = YES;
				CLANG_ENABLE_OBJC_ARC = YES;
				CLANG_WARN_BOOL_CONVERSION = YES;
				CLANG_WARN_CONSTANT_CONVERSION = YES;
				CLANG_WARN_DIRECT_OBJC_ISA_USAGE = YES_ERROR;
				CLANG_WARN_EMPTY_BODY = YES;
				CLANG_WARN_ENUM_CONVERSION = YES;
				CLANG_WARN_INT_CONVERSION = YES;
				CLANG_WARN_OBJC_ROOT_CLASS = YES_ERROR;
				CLANG_WARN_UNREACHABLE_CODE = YES;
				CLANG_WARN__DUPLICATE_METHOD_MATCH = YES;
				"CODE_SIGN_IDENTITY[sdk=iphoneos*]" = "iPhone Developer";
				COPY_PHASE_STRIP = NO;
				DEBUG_INFORMATION_FORMAT = "dwarf-with-dsym";
				ENABLE_NS_ASSERTIONS = NO;
				ENABLE_STRICT_OBJC_MSGSEND = YES;
				GCC_C_LANGUAGE_STANDARD = gnu99;
				GCC_NO_COMMON_BLOCKS = YES;
				GCC_WARN_64_TO_32_BIT_CONVERSION = YES;
				GCC_WARN_ABOUT_RETURN_TYPE = YES_ERROR;
				GCC_WARN_UNDECLARED_SELECTOR = YES;
				GCC_WARN_UNINITIALIZED_AUTOS = YES_AGGRESSIVE;
				GCC_WARN_UNUSED_FUNCTION = YES;
				GCC_WARN_UNUSED_VARIABLE = YES;
				IPHONEOS_DEPLOYMENT_TARGET = 9.2;
				MTL_ENABLE_DEBUG_INFO = NO;
				SDKROOT = iphoneos;
				TARGETED_DEVICE_FAMILY = "1,2";
				VALIDATE_PRODUCT = YES;
			};
			name = Release;
		};
		4E2962371C5BE88D00590CF1 /* Debug */ = {
			isa = XCBuildConfiguration;
			buildSettings = {
				ASSETCATALOG_COMPILER_APPICON_NAME = AppIcon;
				CODE_SIGN_ENTITLEMENTS = FRNumbers/FRNumbers.entitlements;
				CODE_SIGN_IDENTITY = "iPhone Developer";
				"CODE_SIGN_IDENTITY[sdk=iphoneos*]" = "iPhone Developer";
				HEADER_SEARCH_PATHS = $SOURCE_ROOT/FRUtils/FRUtils;
				INFOPLIST_FILE = "$(SRCROOT)/FRNumbers/Info.plist";
				IPHONEOS_DEPLOYMENT_TARGET = 9.3;
				LD_RUNPATH_SEARCH_PATHS = "$(inherited) @executable_path/Frameworks";
				OTHER_LDFLAGS = "-ObjC";
				PRODUCT_BUNDLE_IDENTIFIER = "florin-rosca-us.FRNumbers";
				PRODUCT_NAME = "$(TARGET_NAME)";
				PROVISIONING_PROFILE = "";
			};
			name = Debug;
		};
		4E2962381C5BE88D00590CF1 /* Release */ = {
			isa = XCBuildConfiguration;
			buildSettings = {
				ASSETCATALOG_COMPILER_APPICON_NAME = AppIcon;
				CODE_SIGN_ENTITLEMENTS = FRNumbers/FRNumbers.entitlements;
				CODE_SIGN_IDENTITY = "iPhone Developer";
				"CODE_SIGN_IDENTITY[sdk=iphoneos*]" = "iPhone Distribution";
				HEADER_SEARCH_PATHS = $SOURCE_ROOT/FRUtils/FRUtils;
				INFOPLIST_FILE = "$(SRCROOT)/FRNumbers/Info.plist";
				IPHONEOS_DEPLOYMENT_TARGET = 9.3;
				LD_RUNPATH_SEARCH_PATHS = "$(inherited) @executable_path/Frameworks";
				OTHER_LDFLAGS = "-ObjC";
				PRODUCT_BUNDLE_IDENTIFIER = "florin-rosca-us.FRNumbers";
				PRODUCT_NAME = "$(TARGET_NAME)";
				PROVISIONING_PROFILE = "";
			};
			name = Release;
		};
		4E29623A1C5BE88D00590CF1 /* Debug */ = {
			isa = XCBuildConfiguration;
			buildSettings = {
				BUNDLE_LOADER = "$(TEST_HOST)";
				HEADER_SEARCH_PATHS = $SOURCE_ROOT/../FRUtils/FRUtils;
				INFOPLIST_FILE = FRNumbersTests/Info.plist;
				LD_RUNPATH_SEARCH_PATHS = "$(inherited) @executable_path/Frameworks @loader_path/Frameworks";
				PRODUCT_BUNDLE_IDENTIFIER = "florin-rosca-us.FRNumbersTests";
				PRODUCT_NAME = "$(TARGET_NAME)";
				TEST_HOST = "$(BUILT_PRODUCTS_DIR)/FRNumbers.app/FRNumbers";
			};
			name = Debug;
		};
		4E29623B1C5BE88D00590CF1 /* Release */ = {
			isa = XCBuildConfiguration;
			buildSettings = {
				BUNDLE_LOADER = "$(TEST_HOST)";
				HEADER_SEARCH_PATHS = $SOURCE_ROOT/../FRUtils/FRUtils;
				INFOPLIST_FILE = FRNumbersTests/Info.plist;
				LD_RUNPATH_SEARCH_PATHS = "$(inherited) @executable_path/Frameworks @loader_path/Frameworks";
				PRODUCT_BUNDLE_IDENTIFIER = "florin-rosca-us.FRNumbersTests";
				PRODUCT_NAME = "$(TARGET_NAME)";
				TEST_HOST = "$(BUILT_PRODUCTS_DIR)/FRNumbers.app/FRNumbers";
			};
			name = Release;
		};
		4E29623D1C5BE88D00590CF1 /* Debug */ = {
			isa = XCBuildConfiguration;
			buildSettings = {
				INFOPLIST_FILE = FRNumbersUITests/Info.plist;
				LD_RUNPATH_SEARCH_PATHS = "$(inherited) @executable_path/Frameworks @loader_path/Frameworks";
				PRODUCT_BUNDLE_IDENTIFIER = "florin-rosca-us.FRNumbersUITests";
				PRODUCT_NAME = "$(TARGET_NAME)";
				TEST_TARGET_NAME = Numbers;
				USES_XCTRUNNER = YES;
			};
			name = Debug;
		};
		4E29623E1C5BE88D00590CF1 /* Release */ = {
			isa = XCBuildConfiguration;
			buildSettings = {
				INFOPLIST_FILE = FRNumbersUITests/Info.plist;
				LD_RUNPATH_SEARCH_PATHS = "$(inherited) @executable_path/Frameworks @loader_path/Frameworks";
				PRODUCT_BUNDLE_IDENTIFIER = "florin-rosca-us.FRNumbersUITests";
				PRODUCT_NAME = "$(TARGET_NAME)";
				TEST_TARGET_NAME = Numbers;
				USES_XCTRUNNER = YES;
			};
			name = Release;
		};
		4E3676E01D623E520015B777 /* Debug */ = {
			isa = XCBuildConfiguration;
			buildSettings = {
				CLANG_ANALYZER_NONNULL = YES;
				CODE_SIGN_ENTITLEMENTS = FRAudio/FRAudio.entitlements;
				CODE_SIGN_IDENTITY = "iPhone Developer";
				"CODE_SIGN_IDENTITY[sdk=iphoneos*]" = "iPhone Developer";
				INFOPLIST_FILE = FRAudio/Info.plist;
				IPHONEOS_DEPLOYMENT_TARGET = 9.3;
				LD_RUNPATH_SEARCH_PATHS = "$(inherited) @executable_path/Frameworks @executable_path/../../Frameworks";
				PRODUCT_BUNDLE_IDENTIFIER = "florin-rosca-us.FRNumbers.FRAudio";
				PRODUCT_NAME = "$(TARGET_NAME)";
				SKIP_INSTALL = YES;
			};
			name = Debug;
		};
		4E3676E11D623E520015B777 /* Release */ = {
			isa = XCBuildConfiguration;
			buildSettings = {
				CLANG_ANALYZER_NONNULL = YES;
				CODE_SIGN_ENTITLEMENTS = FRAudio/FRAudio.entitlements;
				CODE_SIGN_IDENTITY = "iPhone Developer";
				"CODE_SIGN_IDENTITY[sdk=iphoneos*]" = "iPhone Distribution";
				INFOPLIST_FILE = FRAudio/Info.plist;
				IPHONEOS_DEPLOYMENT_TARGET = 9.3;
				LD_RUNPATH_SEARCH_PATHS = "$(inherited) @executable_path/Frameworks @executable_path/../../Frameworks";
				PRODUCT_BUNDLE_IDENTIFIER = "florin-rosca-us.FRNumbers.FRAudio";
				PRODUCT_NAME = "$(TARGET_NAME)";
				SKIP_INSTALL = YES;
			};
			name = Release;
		};
/* End XCBuildConfiguration section */

/* Begin XCConfigurationList section */
		4E2961FE1C5BE88C00590CF1 /* Build configuration list for PBXProject "FRNumbers" */ = {
			isa = XCConfigurationList;
			buildConfigurations = (
				4E2962341C5BE88D00590CF1 /* Debug */,
				4E2962351C5BE88D00590CF1 /* Release */,
			);
			defaultConfigurationIsVisible = 0;
			defaultConfigurationName = Release;
		};
		4E2962361C5BE88D00590CF1 /* Build configuration list for PBXNativeTarget "FRNumbers" */ = {
			isa = XCConfigurationList;
			buildConfigurations = (
				4E2962371C5BE88D00590CF1 /* Debug */,
				4E2962381C5BE88D00590CF1 /* Release */,
			);
			defaultConfigurationIsVisible = 0;
			defaultConfigurationName = Release;
		};
		4E2962391C5BE88D00590CF1 /* Build configuration list for PBXNativeTarget "FRNumbersTests" */ = {
			isa = XCConfigurationList;
			buildConfigurations = (
				4E29623A1C5BE88D00590CF1 /* Debug */,
				4E29623B1C5BE88D00590CF1 /* Release */,
			);
			defaultConfigurationIsVisible = 0;
			defaultConfigurationName = Release;
		};
		4E29623C1C5BE88D00590CF1 /* Build configuration list for PBXNativeTarget "FRNumbersUITests" */ = {
			isa = XCConfigurationList;
			buildConfigurations = (
				4E29623D1C5BE88D00590CF1 /* Debug */,
				4E29623E1C5BE88D00590CF1 /* Release */,
			);
			defaultConfigurationIsVisible = 0;
			defaultConfigurationName = Release;
		};
		4E3676DF1D623E520015B777 /* Build configuration list for PBXNativeTarget "FRAudio" */ = {
			isa = XCConfigurationList;
			buildConfigurations = (
				4E3676E01D623E520015B777 /* Debug */,
				4E3676E11D623E520015B777 /* Release */,
			);
			defaultConfigurationIsVisible = 0;
			defaultConfigurationName = Release;
		};
/* End XCConfigurationList section */
	};
	rootObject = 4E2961FB1C5BE88C00590CF1 /* Project object */;
}
